
Microsoft Visual Studio Solution File, Format Version 12.00
# Visual Studio 2012
Project("{FAE04EC0-301F-11D3-BF4B-00C04F79EFBC}") = "Website", "Website\Website.csproj", "{D8AA3815-DCE5-46BF-907E-ABD62B12321D}"
EndProject
Project("{FAE04EC0-301F-11D3-BF4B-00C04F79EFBC}") = "DataAccess", "DataAccess\DataAccess.csproj", "{C3DD3CBA-6F23-4910-BECE-232B53181069}"
EndProject
Project("{FAE04EC0-301F-11D3-BF4B-00C04F79EFBC}") = "WebsiteUnitTests", "WebsiteUnitTests\WebsiteUnitTests.csproj", "{C432E302-7875-41AE-B665-33505049CD10}"
EndProject
Project("{FAE04EC0-301F-11D3-BF4B-00C04F79EFBC}") = "Domain", "Domain\Domain.csproj", "{8BA18C43-0BF2-4635-B2E2-E453C0862BEB}"
EndProject
Global
	GlobalSection(SolutionConfigurationPlatforms) = preSolution
		Debug|Any CPU = Debug|Any CPU
		Release|Any CPU = Release|Any CPU
	EndGlobalSection
	GlobalSection(ProjectConfigurationPlatforms) = postSolution
		{D8AA3815-DCE5-46BF-907E-ABD62B12321D}.Debug|Any CPU.ActiveCfg = Debug|Any CPU
		{D8AA3815-DCE5-46BF-907E-ABD62B12321D}.Debug|Any CPU.Build.0 = Debug|Any CPU
		{D8AA3815-DCE5-46BF-907E-ABD62B12321D}.Release|Any CPU.ActiveCfg = Release|Any CPU
		{D8AA3815-DCE5-46BF-907E-ABD62B12321D}.Release|Any CPU.Build.0 = Release|Any CPU
		{C3DD3CBA-6F23-4910-BECE-232B53181069}.Debug|Any CPU.ActiveCfg = Debug|Any CPU
		{C3DD3CBA-6F23-4910-BECE-232B53181069}.Debug|Any CPU.Build.0 = Debug|Any CPU
		{C3DD3CBA-6F23-4910-BECE-232B53181069}.Release|Any CPU.ActiveCfg = Release|Any CPU
		{C3DD3CBA-6F23-4910-BECE-232B53181069}.Release|Any CPU.Build.0 = Release|Any CPU
		{C432E302-7875-41AE-B665-33505049CD10}.Debug|Any CPU.ActiveCfg = Debug|Any CPU
		{C432E302-7875-41AE-B665-33505049CD10}.Debug|Any CPU.Build.0 = Debug|Any CPU
		{C432E302-7875-41AE-B665-33505049CD10}.Release|Any CPU.ActiveCfg = Release|Any CPU
		{C432E302-7875-41AE-B665-33505049CD10}.Release|Any CPU.Build.0 = Release|Any CPU
		{8BA18C43-0BF2-4635-B2E2-E453C0862BEB}.Debug|Any CPU.ActiveCfg = Debug|Any CPU
		{8BA18C43-0BF2-4635-B2E2-E453C0862BEB}.Debug|Any CPU.Build.0 = Debug|Any CPU
		{8BA18C43-0BF2-4635-B2E2-E453C0862BEB}.Release|Any CPU.ActiveCfg = Release|Any CPU
		{8BA18C43-0BF2-4635-B2E2-E453C0862BEB}.Release|Any CPU.Build.0 = Release|Any CPU
	EndGlobalSection
	GlobalSection(SolutionProperties) = preSolution
		HideSolutionNode = FALSE
	EndGlobalSection
EndGlobal
